prepare:
  cmd: python src/prepare.py data/data.csv
  deps:
  - path: data/data.csv
    md5: 9501858625a46ac02f30ada4d4412355
    size: 8482
  - path: src/prepare.py
    md5: 14b9e15966ed3f56c3089b9788e6d9ec
    size: 1159
  outs:
  - path: data/prepared
    md5: 955e35dacb9a0cd8db7008809ed2e7ff.dir
    size: 13721
    nfiles: 1
train:
  cmd: python src/train.py data/prepared model.pkl
  deps:
  - path: data/prepared
    md5: 955e35dacb9a0cd8db7008809ed2e7ff.dir
    size: 13721
    nfiles: 1
  - path: src/train.py
    md5: 0b8c6bc823ddac4aca97af142d594e91
    size: 1845
  params:
    params.yaml:
      train.model: random forest
      train.seed: 1
      train.split: 0.2
  outs:
  - path: model/model.pkl
    md5: f5aa82c01de7f42db423dcaf25fdb3a1
    size: 354367
evaluate:
  cmd: python src/evaluate.py model.pkl data/prepared scores.json confusion_matrix.png
    ROC_AUC_curve.png
  deps:
  - path: data/prepared
    md5: 955e35dacb9a0cd8db7008809ed2e7ff.dir
    size: 13721
    nfiles: 1
  - path: model/model.pkl
    md5: f5aa82c01de7f42db423dcaf25fdb3a1
    size: 354367
  - path: src/evaluate.py
    md5: 5b1f56d228c7e092489c8f94d8e07616
    size: 2355
  params:
    params.yaml:
      evaluate.model: random forest
      evaluate.seed: 1
      evaluate.split: 0.2
