prepare:
  cmd: python src/prepare.py data/data.csv
  deps:
  - path: data/data.csv
    md5: 9501858625a46ac02f30ada4d4412355
    size: 8482
  - path: src/prepare.py
    md5: e46ff7ac7f01c11aec41ae5c3c72f8ec
    size: 1177
  outs:
  - path: data/prepared
    md5: 955e35dacb9a0cd8db7008809ed2e7ff.dir
    size: 13721
    nfiles: 1
train:
  cmd: python src/train.py data/prepared model.pkl
  deps:
  - path: data/prepared
    md5: 955e35dacb9a0cd8db7008809ed2e7ff.dir
    size: 13721
    nfiles: 1
  - path: src/train.py
    md5: 3a403fc45ad15be49acc7366850d5183
    size: 1648
  params:
    params.yaml:
      train.model: logistic regression
      train.seed: 1
      train.split: 0.2
  outs:
  - path: model.pkl
    md5: de92b51746c0f95a8eaef1a5a892a93c
    size: 5047
evaluate:
  cmd: python src/evaluate.py model.pkl data/prepared scores.json predicted.csv
  deps:
  - path: data/prepared
    md5: 955e35dacb9a0cd8db7008809ed2e7ff.dir
    size: 13721
    nfiles: 1
  - path: model.pkl
    md5: de92b51746c0f95a8eaef1a5a892a93c
    size: 5047
  - path: src/evaluate.py
    md5: a98e5ba8247bb7e3b6a0308c8a9ac26a
    size: 1962
  params:
    params.yaml:
      evaluate.seed: 1
      evaluate.split: 0.2
  outs:
  - path: predicted.csv
    md5: 24e089ed3fe945dcb2e18d70f79a1e21
    size: 258
  - path: scores.json
    md5: ddbbb2fa9b4bbd7bd7845d8ef4110f55
    size: 31
