prepare:
  cmd: python src/prepare.py data/data.csv
  deps:
  - path: data/data.csv
    md5: 9501858625a46ac02f30ada4d4412355
    size: 8482
  - path: src/prepare.py
    md5: 14b9e15966ed3f56c3089b9788e6d9ec
    size: 1159
  outs:
  - path: data/prepared
    md5: 955e35dacb9a0cd8db7008809ed2e7ff.dir
    size: 13721
    nfiles: 1
train:
  cmd: python src/train.py data/prepared model.pkl
  deps:
  - path: data/prepared
    md5: 955e35dacb9a0cd8db7008809ed2e7ff.dir
    size: 13721
    nfiles: 1
  - path: src/train.py
    md5: ccc17e486afcd534aabb87cf451e9591
    size: 1844
  params:
    params.yaml:
      train.model: random forest
      train.seed: 1
      train.split: 0.2
  outs:
  - path: model/model.pkl
    md5: fe177249ac60efc26b8bb8ddd01e038b
    size: 272543
evaluate:
  cmd: python src/evaluate.py model.pkl data/prepared scores.json confusion_matrix.png
    ROC_AUC_curve.png
  deps:
  - path: data/prepared
    md5: 955e35dacb9a0cd8db7008809ed2e7ff.dir
    size: 13721
    nfiles: 1
  - path: model/model.pkl
    md5: fe177249ac60efc26b8bb8ddd01e038b
    size: 272543
  - path: src/evaluate.py
    md5: 97ce0124331bb261d2ada13466a4306d
    size: 2314
  params:
    params.yaml:
      evaluate.model: random forest
      evaluate.seed: 1
      evaluate.split: 0.2
